// !$*UTF8*$!
{
	archiveVersion = 1;
	classes = {
	};
	objectVersion = 55;
	objects = {

/* Begin PBXBuildFile section */
		D4D3BB1127A103B1004EFADE /* AppDelegate.swift in Sources */ = {isa = PBXBuildFile; fileRef = D4D3BB1027A103B1004EFADE /* AppDelegate.swift */; };
		D4D3BB1327A103B1004EFADE /* SceneDelegate.swift in Sources */ = {isa = PBXBuildFile; fileRef = D4D3BB1227A103B1004EFADE /* SceneDelegate.swift */; };
		D4D3BB1527A103B1004EFADE /* ViewController.swift in Sources */ = {isa = PBXBuildFile; fileRef = D4D3BB1427A103B1004EFADE /* ViewController.swift */; };
		D4D3BB1827A103B1004EFADE /* Main.storyboard in Resources */ = {isa = PBXBuildFile; fileRef = D4D3BB1627A103B1004EFADE /* Main.storyboard */; };
		D4D3BB1A27A103B3004EFADE /* Assets.xcassets in Resources */ = {isa = PBXBuildFile; fileRef = D4D3BB1927A103B3004EFADE /* Assets.xcassets */; };
		D4D3BB1D27A103B3004EFADE /* LaunchScreen.storyboard in Resources */ = {isa = PBXBuildFile; fileRef = D4D3BB1B27A103B3004EFADE /* LaunchScreen.storyboard */; };
		D4D3BB2827A103B4004EFADE /* PreworkTests.swift in Sources */ = {isa = PBXBuildFile; fileRef = D4D3BB2727A103B4004EFADE /* PreworkTests.swift */; };
		D4D3BB3227A103B4004EFADE /* PreworkUITests.swift in Sources */ = {isa = PBXBuildFile; fileRef = D4D3BB3127A103B4004EFADE /* PreworkUITests.swift */; };
		D4D3BB3427A103B4004EFADE /* PreworkUITestsLaunchTests.swift in Sources */ = {isa = PBXBuildFile; fileRef = D4D3BB3327A103B4004EFADE /* PreworkUITestsLaunchTests.swift */; };
/* End PBXBuildFile section */

/* Begin PBXContainerItemProxy section */
		D4D3BB2427A103B4004EFADE /* PBXContainerItemProxy */ = {
			isa = PBXContainerItemProxy;
			containerPortal = D4D3BB0527A103B0004EFADE /* Project object */;
			proxyType = 1;
			remoteGlobalIDString = D4D3BB0C27A103B0004EFADE;
			remoteInfo = Prework;
		};
		D4D3BB2E27A103B4004EFADE /* PBXContainerItemProxy */ = {
			isa = PBXContainerItemProxy;
			containerPortal = D4D3BB0527A103B0004EFADE /* Project object */;
			proxyType = 1;
			remoteGlobalIDString = D4D3BB0C27A103B0004EFADE;
			remoteInfo = Prework;
		};
/* End PBXContainerItemProxy section */

/* Begin PBXFileReference section */
		D4D3BB0D27A103B1004EFADE /* Prework.app */ = {isa = PBXFileReference; explicitFileType = wrapper.application; includeInIndex = 0; path = Prework.app; sourceTree = BUILT_PRODUCTS_DIR; };
		D4D3BB1027A103B1004EFADE /* AppDelegate.swift */ = {isa = PBXFileReference; lastKnownFileType = sourcecode.swift; path = AppDelegate.swift; sourceTree = "<group>"; };
		D4D3BB1227A103B1004EFADE /* SceneDelegate.swift */ = {isa = PBXFileReference; lastKnownFileType = sourcecode.swift; path = SceneDelegate.swift; sourceTree = "<group>"; };
		D4D3BB1427A103B1004EFADE /* ViewController.swift */ = {isa = PBXFileReference; lastKnownFileType = sourcecode.swift; path = ViewController.swift; sourceTree = "<group>"; };
		D4D3BB1727A103B1004EFADE /* Base */ = {isa = PBXFileReference; lastKnownFileType = file.storyboard; name = Base; path = Base.lproj/Main.storyboard; sourceTree = "<group>"; };
		D4D3BB1927A103B3004EFADE /* Assets.xcassets */ = {isa = PBXFileReference; lastKnownFileType = folder.assetcatalog; path = Assets.xcassets; sourceTree = "<group>"; };
		D4D3BB1C27A103B3004EFADE /* Base */ = {isa = PBXFileReference; lastKnownFileType = file.storyboard; name = Base; path = Base.lproj/LaunchScreen.storyboard; sourceTree = "<group>"; };
		D4D3BB1E27A103B3004EFADE /* Info.plist */ = {isa = PBXFileReference; lastKnownFileType = text.plist.xml; path = Info.plist; sourceTree = "<group>"; };
		D4D3BB2327A103B4004EFADE /* PreworkTests.xctest */ = {isa = PBXFileReference; explicitFileType = wrapper.cfbundle; includeInIndex = 0; path = PreworkTests.xctest; sourceTree = BUILT_PRODUCTS_DIR; };
		D4D3BB2727A103B4004EFADE /* PreworkTests.swift */ = {isa = PBXFileReference; lastKnownFileType = sourcecode.swift; path = PreworkTests.swift; sourceTree = "<group>"; };
		D4D3BB2D27A103B4004EFADE /* PreworkUITests.xctest */ = {isa = PBXFileReference; explicitFileType = wrapper.cfbundle; includeInIndex = 0; path = PreworkUITests.xctest; sourceTree = BUILT_PRODUCTS_DIR; };
		D4D3BB3127A103B4004EFADE /* PreworkUITests.swift */ = {isa = PBXFileReference; lastKnownFileType = sourcecode.swift; path = PreworkUITests.swift; sourceTree = "<group>"; };
		D4D3BB3327A103B4004EFADE /* PreworkUITestsLaunchTests.swift */ = {isa = PBXFileReference; lastKnownFileType = sourcecode.swift; path = PreworkUITestsLaunchTests.swift; sourceTree = "<group>"; };
/* End PBXFileReference section */

/* Begin PBXFrameworksBuildPhase section */
		D4D3BB0A27A103B0004EFADE /* Frameworks */ = {
			isa = PBXFrameworksBuildPhase;
			buildActionMask = 2147483647;
			files = (
			);
			runOnlyForDeploymentPostprocessing = 0;
		};
		D4D3BB2027A103B4004EFADE /* Frameworks */ = {
			isa = PBXFrameworksBuildPhase;
			buildActionMask = 2147483647;
			files = (
			);
			runOnlyForDeploymentPostprocessing = 0;
		};
		D4D3BB2A27A103B4004EFADE /* Frameworks */ = {
			isa = PBXFrameworksBuildPhase;
			buildActionMask = 2147483647;
			files = (
			);
			runOnlyForDeploymentPostprocessing = 0;
		};
/* End PBXFrameworksBuildPhase section */

/* Begin PBXGroup section */
		D4D3BB0427A103B0004EFADE = {
			isa = PBXGroup;
			children = (
				D4D3BB0F27A103B1004EFADE /* Prework */,
				D4D3BB2627A103B4004EFADE /* PreworkTests */,
				D4D3BB3027A103B4004EFADE /* PreworkUITests */,
				D4D3BB0E27A103B1004EFADE /* Products */,
			);
			sourceTree = "<group>";
		};
		D4D3BB0E27A103B1004EFADE /* Products */ = {
			isa = PBXGroup;
			children = (
				D4D3BB0D27A103B1004EFADE /* Prework.app */,
				D4D3BB2327A103B4004EFADE /* PreworkTests.xctest */,
				D4D3BB2D27A103B4004EFADE /* PreworkUITests.xctest */,
			);
			name = Products;
			sourceTree = "<group>";
		};
		D4D3BB0F27A103B1004EFADE /* Prework */ = {
			isa = PBXGroup;
			children = (
				D4D3BB1027A103B1004EFADE /* AppDelegate.swift */,
				D4D3BB1227A103B1004EFADE /* SceneDelegate.swift */,
				D4D3BB1427A103B1004EFADE /* ViewController.swift */,
				D4D3BB1627A103B1004EFADE /* Main.storyboard */,
				D4D3BB1927A103B3004EFADE /* Assets.xcassets */,
				D4D3BB1B27A103B3004EFADE /* LaunchScreen.storyboard */,
				D4D3BB1E27A103B3004EFADE /* Info.plist */,
			);
			path = Prework;
			sourceTree = "<group>";
		};
		D4D3BB2627A103B4004EFADE /* PreworkTests */ = {
			isa = PBXGroup;
			children = (
				D4D3BB2727A103B4004EFADE /* PreworkTests.swift */,
			);
			path = PreworkTests;
			sourceTree = "<group>";
		};
		D4D3BB3027A103B4004EFADE /* PreworkUITests */ = {
			isa = PBXGroup;
			children = (
				D4D3BB3127A103B4004EFADE /* PreworkUITests.swift */,
				D4D3BB3327A103B4004EFADE /* PreworkUITestsLaunchTests.swift */,
			);
			path = PreworkUITests;
			sourceTree = "<group>";
		};
/* End PBXGroup section */

/* Begin PBXNativeTarget section */
		D4D3BB0C27A103B0004EFADE /* Prework */ = {
			isa = PBXNativeTarget;
			buildConfigurationList = D4D3BB3727A103B4004EFADE /* Build configuration list for PBXNativeTarget "Prework" */;
			buildPhases = (
				D4D3BB0927A103B0004EFADE /* Sources */,
				D4D3BB0A27A103B0004EFADE /* Frameworks */,
				D4D3BB0B27A103B0004EFADE /* Resources */,
			);
			buildRules = (
			);
			dependencies = (
			);
			name = Prework;
			productName = Prework;
			productReference = D4D3BB0D27A103B1004EFADE /* Prework.app */;
			productType = "com.apple.product-type.application";
		};
		D4D3BB2227A103B4004EFADE /* PreworkTests */ = {
			isa = PBXNativeTarget;
			buildConfigurationList = D4D3BB3A27A103B4004EFADE /* Build configuration list for PBXNativeTarget "PreworkTests" */;
			buildPhases = (
				D4D3BB1F27A103B4004EFADE /* Sources */,
				D4D3BB2027A103B4004EFADE /* Frameworks */,
				D4D3BB2127A103B4004EFADE /* Resources */,
			);
			buildRules = (
			);
			dependencies = (
				D4D3BB2527A103B4004EFADE /* PBXTargetDependency */,
			);
			name = PreworkTests;
			productName = PreworkTests;
			productReference = D4D3BB2327A103B4004EFADE /* PreworkTests.xctest */;
			productType = "com.apple.product-type.bundle.unit-test";
		};
		D4D3BB2C27A103B4004EFADE /* PreworkUITests */ = {
			isa = PBXNativeTarget;
			buildConfigurationList = D4D3BB3D27A103B4004EFADE /* Build configuration list for PBXNativeTarget "PreworkUITests" */;
			buildPhases = (
				D4D3BB2927A103B4004EFADE /* Sources */,
				D4D3BB2A27A103B4004EFADE /* Frameworks */,
				D4D3BB2B27A103B4004EFADE /* Resources */,
			);
			buildRules = (
			);
			dependencies = (
				D4D3BB2F27A103B4004EFADE /* PBXTargetDependency */,
			);
			name = PreworkUITests;
			productName = PreworkUITests;
			productReference = D4D3BB2D27A103B4004EFADE /* PreworkUITests.xctest */;
			productType = "com.apple.product-type.bundle.ui-testing";
		};
/* End PBXNativeTarget section */

/* Begin PBXProject section */
		D4D3BB0527A103B0004EFADE /* Project object */ = {
			isa = PBXProject;
			attributes = {
				BuildIndependentTargetsInParallel = 1;
				LastSwiftUpdateCheck = 1320;
				LastUpgradeCheck = 1320;
				TargetAttributes = {
					D4D3BB0C27A103B0004EFADE = {
						CreatedOnToolsVersion = 13.2.1;
					};
					D4D3BB2227A103B4004EFADE = {
						CreatedOnToolsVersion = 13.2.1;
						TestTargetID = D4D3BB0C27A103B0004EFADE;
					};
					D4D3BB2C27A103B4004EFADE = {
						CreatedOnToolsVersion = 13.2.1;
						TestTargetID = D4D3BB0C27A103B0004EFADE;
					};
				};
			};
			buildConfigurationList = D4D3BB0827A103B0004EFADE /* Build configuration list for PBXProject "Prework" */;
			compatibilityVersion = "Xcode 13.0";
			developmentRegion = en;
			hasScannedForEncodings = 0;
			knownRegions = (
				en,
				Base,
			);
			mainGroup = D4D3BB0427A103B0004EFADE;
			productRefGroup = D4D3BB0E27A103B1004EFADE /* Products */;
			projectDirPath = "";
			projectRoot = "";
			targets = (
				D4D3BB0C27A103B0004EFADE /* Prework */,
				D4D3BB2227A103B4004EFADE /* PreworkTests */,
				D4D3BB2C27A103B4004EFADE /* PreworkUITests */,
			);
		};
/* End PBXProject section */

/* Begin PBXResourcesBuildPhase section */
		D4D3BB0B27A103B0004EFADE /* Resources */ = {
			isa = PBXResourcesBuildPhase;
			buildActionMask = 2147483647;
			files = (
				D4D3BB1D27A103B3004EFADE /* LaunchScreen.storyboard in Resources */,
				D4D3BB1A27A103B3004EFADE /* Assets.xcassets in Resources */,
				D4D3BB1827A103B1004EFADE /* Main.storyboard in Resources */,
			);
			runOnlyForDeploymentPostprocessing = 0;
		};
		D4D3BB2127A103B4004EFADE /* Resources */ = {
			isa = PBXResourcesBuildPhase;
			buildActionMask = 2147483647;
			files = (
			);
			runOnlyForDeploymentPostprocessing = 0;
		};
		D4D3BB2B27A103B4004EFADE /* Resources */ = {
			isa = PBXResourcesBuildPhase;
			buildActionMask = 2147483647;
			files = (
			);
			runOnlyForDeploymentPostprocessing = 0;
		};
/* End PBXResourcesBuildPhase section */

/* Begin PBXSourcesBuildPhase section */
		D4D3BB0927A103B0004EFADE /* Sources */ = {
			isa = PBXSourcesBuildPhase;
			buildActionMask = 2147483647;
			files = (
				D4D3BB1527A103B1004EFADE /* ViewController.swift in Sources */,
				D4D3BB1127A103B1004EFADE /* AppDelegate.swift in Sources */,
				D4D3BB1327A103B1004EFADE /* SceneDelegate.swift in Sources */,
			);
			runOnlyForDeploymentPostprocessing = 0;
		};
		D4D3BB1F27A103B4004EFADE /* Sources */ = {
			isa = PBXSourcesBuildPhase;
			buildActionMask = 2147483647;
			files = (
				D4D3BB2827A103B4004EFADE /* PreworkTests.swift in Sources */,
			);
			runOnlyForDeploymentPostprocessing = 0;
		};
		D4D3BB2927A103B4004EFADE /* Sources */ = {
			isa = PBXSourcesBuildPhase;
			buildActionMask = 2147483647;
			files = (
				D4D3BB3227A103B4004EFADE /* PreworkUITests.swift in Sources */,
				D4D3BB3427A103B4004EFADE /* PreworkUITestsLaunchTests.swift in Sources */,
			);
			runOnlyForDeploymentPostprocessing = 0;
		};
/* End PBXSourcesBuildPhase section */

/* Begin PBXTargetDependency section */
		D4D3BB2527A103B4004EFADE /* PBXTargetDependency */ = {
			isa = PBXTargetDependency;
			target = D4D3BB0C27A103B0004EFADE /* Prework */;
			targetProxy = D4D3BB2427A103B4004EFADE /* PBXContainerItemProxy */;
		};
		D4D3BB2F27A103B4004EFADE /* PBXTargetDependency */ = {
			isa = PBXTargetDependency;
			target = D4D3BB0C27A103B0004EFADE /* Prework */;
			targetProxy = D4D3BB2E27A103B4004EFADE /* PBXContainerItemProxy */;
		};
/* End PBXTargetDependency section */

/* Begin PBXVariantGroup section */
		D4D3BB1627A103B1004EFADE /* Main.storyboard */ = {
			isa = PBXVariantGroup;
			children = (
				D4D3BB1727A103B1004EFADE /* Base */,
			);
			name = Main.storyboard;
			sourceTree = "<group>";
		};
		D4D3BB1B27A103B3004EFADE /* LaunchScreen.storyboard */ = {
			isa = PBXVariantGroup;
			children = (
				D4D3BB1C27A103B3004EFADE /* Base */,
			);
			name = LaunchScreen.storyboard;
			sourceTree = "<group>";
		};
/* End PBXVariantGroup section */

/* Begin XCBuildConfiguration section */
		D4D3BB3527A103B4004EFADE /* Debug */ = {
			isa = XCBuildConfiguration;
			buildSettings = {
				ALWAYS_SEARCH_USER_PATHS = NO;
				CLANG_ANALYZER_NONNULL = YES;
				CLANG_ANALYZER_NUMBER_OBJECT_CONVERSION = YES_AGGRESSIVE;
				CLANG_CXX_LANGUAGE_STANDARD = "gnu++17";
				CLANG_CXX_LIBRARY = "libc++";
				CLANG_ENABLE_MODULES = YES;
				CLANG_ENABLE_OBJC_ARC = YES;
				CLANG_ENABLE_OBJC_WEAK = YES;
				CLANG_WARN_BLOCK_CAPTURE_AUTORELEASING = YES;
				CLANG_WARN_BOOL_CONVERSION = YES;
				CLANG_WARN_COMMA = YES;
				CLANG_WARN_CONSTANT_CONVERSION = YES;
				CLANG_WARN_DEPRECATED_OBJC_IMPLEMENTATIONS = YES;
				CLANG_WARN_DIRECT_OBJC_ISA_USAGE = YES_ERROR;
				CLANG_WARN_DOCUMENTATION_COMMENTS = YES;
				CLANG_WARN_EMPTY_BODY = YES;
				CLANG_WARN_ENUM_CONVERSION = YES;
				CLANG_WARN_INFINITE_RECURSION = YES;
				CLANG_WARN_INT_CONVERSION = YES;
				CLANG_WARN_NON_LITERAL_NULL_CONVERSION = YES;
				CLANG_WARN_OBJC_IMPLICIT_RETAIN_SELF = YES;
				CLANG_WARN_OBJC_LITERAL_CONVERSION = YES;
				CLANG_WARN_OBJC_ROOT_CLASS = YES_ERROR;
				CLANG_WARN_QUOTED_INCLUDE_IN_FRAMEWORK_HEADER = YES;
				CLANG_WARN_RANGE_LOOP_ANALYSIS = YES;
				CLANG_WARN_STRICT_PROTOTYPES = YES;
				CLANG_WARN_SUSPICIOUS_MOVE = YES;
				CLANG_WARN_UNGUARDED_AVAILABILITY = YES_AGGRESSIVE;
				CLANG_WARN_UNREACHABLE_CODE = YES;
				CLANG_WARN__DUPLICATE_METHOD_MATCH = YES;
				COPY_PHASE_STRIP = NO;
				DEBUG_INFORMATION_FORMAT = dwarf;
				ENABLE_STRICT_OBJC_MSGSEND = YES;
				ENABLE_TESTABILITY = YES;
				GCC_C_LANGUAGE_STANDARD = gnu11;
				GCC_DYNAMIC_NO_PIC = NO;
				GCC_NO_COMMON_BLOCKS = YES;
				GCC_OPTIMIZATION_LEVEL = 0;
				GCC_PREPROCESSOR_DEFINITIONS = (
					"DEBUG=1",
					"$(inherited)",
				);
				GCC_WARN_64_TO_32_BIT_CONVERSION = YES;
				GCC_WARN_ABOUT_RETURN_TYPE = YES_ERROR;
				GCC_WARN_UNDECLARED_SELECTOR = YES;
				GCC_WARN_UNINITIALIZED_AUTOS = YES_AGGRESSIVE;
				GCC_WARN_UNUSED_FUNCTION = YES;
				GCC_WARN_UNUSED_VARIABLE = YES;
				IPHONEOS_DEPLOYMENT_TARGET = 15.2;
				MTL_ENABLE_DEBUG_INFO = INCLUDE_SOURCE;
				MTL_FAST_MATH = YES;
				ONLY_ACTIVE_ARCH = YES;
				SDKROOT = iphoneos;
				SWIFT_ACTIVE_COMPILATION_CONDITIONS = DEBUG;
				SWIFT_OPTIMIZATION_LEVEL = "-Onone";
			};
			name = Debug;
		};
		D4D3BB3627A103B4004EFADE /* Release */ = {
			isa = XCBuildConfiguration;
			buildSettings = {
				ALWAYS_SEARCH_USER_PATHS = NO;
				CLANG_ANALYZER_NONNULL = YES;
				CLANG_ANALYZER_NUMBER_OBJECT_CONVERSION = YES_AGGRESSIVE;
				CLANG_CXX_LANGUAGE_STANDARD = "gnu++17";
				CLANG_CXX_LIBRARY = "libc++";
				CLANG_ENABLE_MODULES = YES;
				CLANG_ENABLE_OBJC_ARC = YES;
				CLANG_ENABLE_OBJC_WEAK = YES;
				CLANG_WARN_BLOCK_CAPTURE_AUTORELEASING = YES;
				CLANG_WARN_BOOL_CONVERSION = YES;
				CLANG_WARN_COMMA = YES;
				CLANG_WARN_CONSTANT_CONVERSION = YES;
				CLANG_WARN_DEPRECATED_OBJC_IMPLEMENTATIONS = YES;
				CLANG_WARN_DIRECT_OBJC_ISA_USAGE = YES_ERROR;
				CLANG_WARN_DOCUMENTATION_COMMENTS = YES;
				CLANG_WARN_EMPTY_BODY = YES;
				CLANG_WARN_ENUM_CONVERSION = YES;
				CLANG_WARN_INFINITE_RECURSION = YES;
				CLANG_WARN_INT_CONVERSION = YES;
				CLANG_WARN_NON_LITERAL_NULL_CONVERSION = YES;
				CLANG_WARN_OBJC_IMPLICIT_RETAIN_SELF = YES;
				CLANG_WARN_OBJC_LITERAL_CONVERSION = YES;
				CLANG_WARN_OBJC_ROOT_CLASS = YES_ERROR;
				CLANG_WARN_QUOTED_INCLUDE_IN_FRAMEWORK_HEADER = YES;
				CLANG_WARN_RANGE_LOOP_ANALYSIS = YES;
				CLANG_WARN_STRICT_PROTOTYPES = YES;
				CLANG_WARN_SUSPICIOUS_MOVE = YES;
				CLANG_WARN_UNGUARDED_AVAILABILITY = YES_AGGRESSIVE;
				CLANG_WARN_UNREACHABLE_CODE = YES;
				CLANG_WARN__DUPLICATE_METHOD_MATCH = YES;
				COPY_PHASE_STRIP = NO;
				DEBUG_INFORMATION_FORMAT = "dwarf-with-dsym";
				ENABLE_NS_ASSERTIONS = NO;
				ENABLE_STRICT_OBJC_MSGSEND = YES;
				GCC_C_LANGUAGE_STANDARD = gnu11;
				GCC_NO_COMMON_BLOCKS = YES;
				GCC_WARN_64_TO_32_BIT_CONVERSION = YES;
				GCC_WARN_ABOUT_RETURN_TYPE = YES_ERROR;
				GCC_WARN_UNDECLARED_SELECTOR = YES;
				GCC_WARN_UNINITIALIZED_AUTOS = YES_AGGRESSIVE;
				GCC_WARN_UNUSED_FUNCTION = YES;
				GCC_WARN_UNUSED_VARIABLE = YES;
				IPHONEOS_DEPLOYMENT_TARGET = 15.2;
				MTL_ENABLE_DEBUG_INFO = NO;
				MTL_FAST_MATH = YES;
				SDKROOT = iphoneos;
				SWIFT_COMPILATION_MODE = wholemodule;
				SWIFT_OPTIMIZATION_LEVEL = "-O";
				VALIDATE_PRODUCT = YES;
			};
			name = Release;
		};
		D4D3BB3827A103B4004EFADE /* Debug */ = {
			isa = XCBuildConfiguration;
			buildSettings = {
				ASSETCATALOG_COMPILER_APPICON_NAME = AppIcon;
				ASSETCATALOG_COMPILER_GLOBAL_ACCENT_COLOR_NAME = AccentColor;
				CODE_SIGN_STYLE = Automatic;
				CURRENT_PROJECT_VERSION = 1;
				GENERATE_INFOPLIST_FILE = YES;
				INFOPLIST_FILE = Prework/Info.plist;
				INFOPLIST_KEY_UIApplicationSupportsIndirectInputEvents = YES;
				INFOPLIST_KEY_UILaunchStoryboardName = LaunchScreen;
				INFOPLIST_KEY_UIMainStoryboardFile = Main;
				INFOPLIST_KEY_UISupportedInterfaceOrientations_iPad = "UIInterfaceOrientationPortrait UIInterfaceOrientationPortraitUpsideDown UIInterfaceOrientationLandscapeLeft UIInterfaceOrientationLandscapeRight";
				INFOPLIST_KEY_UISupportedInterfaceOrientations_iPhone = "UIInterfaceOrientationPortrait UIInterfaceOrientationLandscapeLeft UIInterfaceOrientationLandscapeRight";
				LD_RUNPATH_SEARCH_PATHS = (
					"$(inherited)",
					"@executable_path/Frameworks",
				);
				MARKETING_VERSION = 1.0;
				PRODUCT_BUNDLE_IDENTIFIER = memo.com.Prework;
				PRODUCT_NAME = "$(TARGET_NAME)";
				SWIFT_EMIT_LOC_STRINGS = YES;
				SWIFT_VERSION = 5.0;
				TARGETED_DEVICE_FAMILY = "1,2";
			};
			name = Debug;
		};
		D4D3BB3927A103B4004EFADE /* Release */ = {
			isa = XCBuildConfiguration;
			buildSettings = {
				ASSETCATALOG_COMPILER_APPICON_NAME = AppIcon;
				ASSETCATALOG_COMPILER_GLOBAL_ACCENT_COLOR_NAME = AccentColor;
				CODE_SIGN_STYLE = Automatic;
				CURRENT_PROJECT_VERSION = 1;
				GENERATE_INFOPLIST_FILE = YES;
				INFOPLIST_FILE = Prework/Info.plist;
				INFOPLIST_KEY_UIApplicationSupportsIndirectInputEvents = YES;
				INFOPLIST_KEY_UILaunchStoryboardName = LaunchScreen;
				INFOPLIST_KEY_UIMainStoryboardFile = Main;
				INFOPLIST_KEY_UISupportedInterfaceOrientations_iPad = "UIInterfaceOrientationPortrait UIInterfaceOrientationPortraitUpsideDown UIInterfaceOrientationLandscapeLeft UIInterfaceOrientationLandscapeRight";
				INFOPLIST_KEY_UISupportedInterfaceOrientations_iPhone = "UIInterfaceOrientationPortrait UIInterfaceOrientationLandscapeLeft UIInterfaceOrientationLandscapeRight";
				LD_RUNPATH_SEARCH_PATHS = (
					"$(inherited)",
					"@executable_path/Frameworks",
				);
				MARKETING_VERSION = 1.0;
				PRODUCT_BUNDLE_IDENTIFIER = memo.com.Prework;
				PRODUCT_NAME = "$(TARGET_NAME)";
				SWIFT_EMIT_LOC_STRINGS = YES;
				SWIFT_VERSION = 5.0;
				TARGETED_DEVICE_FAMILY = "1,2";
			};
			name = Release;
		};
		D4D3BB3B27A103B4004EFADE /* Debug */ = {
			isa = XCBuildConfiguration;
			buildSettings = {
				ALWAYS_EMBED_SWIFT_STANDARD_LIBRARIES = YES;
				BUNDLE_LOADER = "$(TEST_HOST)";
				CODE_SIGN_STYLE = Automatic;
				CURRENT_PROJECT_VERSION = 1;
				GENERATE_INFOPLIST_FILE = YES;
				IPHONEOS_DEPLOYMENT_TARGET = 15.2;
				MARKETING_VERSION = 1.0;
				PRODUCT_BUNDLE_IDENTIFIER = memo.com.PreworkTests;
				PRODUCT_NAME = "$(TARGET_NAME)";
				SWIFT_EMIT_LOC_STRINGS = NO;
				SWIFT_VERSION = 5.0;
				TARGETED_DEVICE_FAMILY = "1,2";
				TEST_HOST = "$(BUILT_PRODUCTS_DIR)/Prework.app/Prework";
			};
			name = Debug;
		};
		D4D3BB3C27A103B4004EFADE /* Release */ = {
			isa = XCBuildConfiguration;
			buildSettings = {
				ALWAYS_EMBED_SWIFT_STANDARD_LIBRARIES = YES;
				BUNDLE_LOADER = "$(TEST_HOST)";
				CODE_SIGN_STYLE = Automatic;
				CURRENT_PROJECT_VERSION = 1;
				GENERATE_INFOPLIST_FILE = YES;
				IPHONEOS_DEPLOYMENT_TARGET = 15.2;
				MARKETING_VERSION = 1.0;
				PRODUCT_BUNDLE_IDENTIFIER = memo.com.PreworkTests;
				PRODUCT_NAME = "$(TARGET_NAME)";
				SWIFT_EMIT_LOC_STRINGS = NO;
				SWIFT_VERSION = 5.0;
				TARGETED_DEVICE_FAMILY = "1,2";
				TEST_HOST = "$(BUILT_PRODUCTS_DIR)/Prework.app/Prework";
			};
			name = Release;
		};
		D4D3BB3E27A103B4004EFADE /* Debug */ = {
			isa = XCBuildConfiguration;
			buildSettings = {
				ALWAYS_EMBED_SWIFT_STANDARD_LIBRARIES = YES;
				CODE_SIGN_STYLE = Automatic;
				CURRENT_PROJECT_VERSION = 1;
				GENERATE_INFOPLIST_FILE = YES;
				MARKETING_VERSION = 1.0;
				PRODUCT_BUNDLE_IDENTIFIER = memo.com.PreworkUITests;
				PRODUCT_NAME = "$(TARGET_NAME)";
				SWIFT_EMIT_LOC_STRINGS = NO;
				SWIFT_VERSION = 5.0;
				TARGETED_DEVICE_FAMILY = "1,2";
				TEST_TARGET_NAME = Prework;
			};
			name = Debug;
		};
		D4D3BB3F27A103B4004EFADE /* Release */ = {
			isa = XCBuildConfiguration;
			buildSettings = {
				ALWAYS_EMBED_SWIFT_STANDARD_LIBRARIES = YES;
				CODE_SIGN_STYLE = Automatic;
				CURRENT_PROJECT_VERSION = 1;
				GENERATE_INFOPLIST_FILE = YES;
				MARKETING_VERSION = 1.0;
				PRODUCT_BUNDLE_IDENTIFIER = memo.com.PreworkUITests;
				PRODUCT_NAME = "$(TARGET_NAME)";
				SWIFT_EMIT_LOC_STRINGS = NO;
				SWIFT_VERSION = 5.0;
				TARGETED_DEVICE_FAMILY = "1,2";
				TEST_TARGET_NAME = Prework;
			};
			name = Release;
		};
/* End XCBuildConfiguration section */

/* Begin XCConfigurationList section */
		D4D3BB0827A103B0004EFADE /* Build configuration list for PBXProject "Prework" */ = {
			isa = XCConfigurationList;
			buildConfigurations = (
				D4D3BB3527A103B4004EFADE /* Debug */,
				D4D3BB3627A103B4004EFADE /* Release */,
			);
			defaultConfigurationIsVisible = 0;
			defaultConfigurationName = Release;
		};
		D4D3BB3727A103B4004EFADE /* Build configuration list for PBXNativeTarget "Prework" */ = {
			isa = XCConfigurationList;
			buildConfigurations = (
				D4D3BB3827A103B4004EFADE /* Debug */,
				D4D3BB3927A103B4004EFADE /* Release */,
			);
			defaultConfigurationIsVisible = 0;
			defaultConfigurationName = Release;
		};
		D4D3BB3A27A103B4004EFADE /* Build configuration list for PBXNativeTarget "PreworkTests" */ = {
			isa = XCConfigurationList;
			buildConfigurations = (
				D4D3BB3B27A103B4004EFADE /* Debug */,
				D4D3BB3C27A103B4004EFADE /* Release */,
			);
			defaultConfigurationIsVisible = 0;
			defaultConfigurationName = Release;
		};
		D4D3BB3D27A103B4004EFADE /* Build configuration list for PBXNativeTarget "PreworkUITests" */ = {
			isa = XCConfigurationList;
			buildConfigurations = (
				D4D3BB3E27A103B4004EFADE /* Debug */,
				D4D3BB3F27A103B4004EFADE /* Release */,
			);
			defaultConfigurationIsVisible = 0;
			defaultConfigurationName = Release;
		};
/* End XCConfigurationList section */
	};
	rootObject = D4D3BB0527A103B0004EFADE /* Project object */;
}
